{
  "requires": true,
  "lockfileVersion": 1,
  "dependencies": {
    "com.paypal.cordova.mobilesdk": {
      "version": "3.5.0",
      "resolved": "https://registry.npmjs.org/com.paypal.cordova.mobilesdk/-/com.paypal.cordova.mobilesdk-3.5.0.tgz",
      "integrity": "sha1-qq7AtHcArQlRE7wG419i8OYirOk="
    },
    "cordova-plugin-whitelist": {
      "version": "1.3.4",
      "resolved": "https://registry.npmjs.org/cordova-plugin-whitelist/-/cordova-plugin-whitelist-1.3.4.tgz",
      "integrity": "sha512-EYC5eQFVkoYXq39l7tYKE6lEjHJ04mvTmKXxGL7quHLdFPfJMNzru/UYpn92AOfpl3PQaZmou78C7EgmFOwFQQ=="
    }
  }
}
